%{"alexa": {:git, "https://github.com/col/alexa.git", "251136aef44223eb96ed0fc2e1004a411059a452", []},
  "espec": {:hex, :espec, "0.8.16"},
  "espec_phoenix": {:hex, :espec_phoenix, "0.2.0"},
  "floki": {:hex, :floki, "0.7.2"},
  "inflex": {:hex, :inflex, "1.5.0"},
  "meck": {:hex, :meck, "0.8.4"},
  "mochiweb": {:hex, :mochiweb, "2.12.2"},
  "phoenix": {:hex, :phoenix, "1.1.4"},
  "plug": {:hex, :plug, "1.1.3"},
  "poison": {:hex, :poison, "2.1.0"}}
